
Microsoft Visual Studio Solution File, Format Version 12.00
# Visual Studio Version 17
VisualStudioVersion = 17.5.002.0
MinimumVisualStudioVersion = 10.0.40219.1
Project("{9A19103F-16F7-4668-BE54-9A1E7A4F7556}") = "Klororf.AzSearchLinq", "src\Klororf.AzSearchLinq.csproj", "{F487909A-7252-44D4-8BBD-D9C5E9130D61}"
EndProject
Project("{FAE04EC0-301F-11D3-BF4B-00C04F79EFBC}") = "test", "test\test.csproj", "{EE7CD8A0-B097-45A4-9C96-87D796D298EC}"
EndProject
Global
	GlobalSection(SolutionConfigurationPlatforms) = preSolution
		Debug|Any CPU = Debug|Any CPU
		Release|Any CPU = Release|Any CPU
	EndGlobalSection
	GlobalSection(ProjectConfigurationPlatforms) = postSolution
		{F487909A-7252-44D4-8BBD-D9C5E9130D61}.Debug|Any CPU.ActiveCfg = Debug|Any CPU
		{F487909A-7252-44D4-8BBD-D9C5E9130D61}.Debug|Any CPU.Build.0 = Debug|Any CPU
		{F487909A-7252-44D4-8BBD-D9C5E9130D61}.Release|Any CPU.ActiveCfg = Release|Any CPU
		{F487909A-7252-44D4-8BBD-D9C5E9130D61}.Release|Any CPU.Build.0 = Release|Any CPU
		{EE7CD8A0-B097-45A4-9C96-87D796D298EC}.Debug|Any CPU.ActiveCfg = Debug|Any CPU
		{EE7CD8A0-B097-45A4-9C96-87D796D298EC}.Debug|Any CPU.Build.0 = Debug|Any CPU
		{EE7CD8A0-B097-45A4-9C96-87D796D298EC}.Release|Any CPU.ActiveCfg = Release|Any CPU
		{EE7CD8A0-B097-45A4-9C96-87D796D298EC}.Release|Any CPU.Build.0 = Release|Any CPU
	EndGlobalSection
	GlobalSection(SolutionProperties) = preSolution
		HideSolutionNode = FALSE
	EndGlobalSection
	GlobalSection(ExtensibilityGlobals) = postSolution
		SolutionGuid = {E13255C1-B776-44AB-AE1C-28EBA55FB115}
	EndGlobalSection
EndGlobal
